{
  "name": "primecontext-workspace",
  "version": "0.1.0",
  "lockfileVersion": 3,
  "requires": true,
  "packages": {
    "": {
      "name": "primecontext-workspace",
      "version": "0.1.0",
      "workspaces": [
        "packages/*"
      ],
      "devDependencies": {
        "@types/node": "^22.0.0",
        "typescript": "^5.8.3"
      },
      "engines": {
        "node": ">=22.13"
      }
    },
    "node_modules/@primecontext/adapters": {
      "resolved": "packages/adapters",
      "link": true
    },
    "node_modules/@primecontext/benchmark": {
      "resolved": "packages/benchmark",
      "link": true
    },
    "node_modules/@primecontext/cli": {
      "resolved": "packages/cli",
      "link": true
    },
    "node_modules/@primecontext/core": {
      "resolved": "packages/core",
      "link": true
    },
    "node_modules/@primecontext/repo-map": {
      "resolved": "packages/repo-map",
      "link": true
    },
    "node_modules/@primecontext/schemas": {
      "resolved": "packages/schemas",
      "link": true
    },
    "node_modules/@types/node": {
      "version": "22.20.1",
      "resolved": "https://registry.npmjs.org/@types/node/-/node-22.20.1.tgz",
      "integrity": "sha512-EANqOCF9QFyra+4pfxUcX9STKJpCLjMbObVzljIJomAWSnuSIEAvyzEU53GaajbXJEgdh0iEcPL+DGvpUd4k1Q==",
      "dev": true,
      "license": "MIT",
      "dependencies": {
        "undici-types": "~6.21.0"
      }
    },
    "node_modules/typescript": {
      "version": "5.9.3",
      "resolved": "https://registry.npmjs.org/typescript/-/typescript-5.9.3.tgz",
      "integrity": "sha512-jl1vZzPDinLr9eUt3J/t7V6FgNEw9QjvBPdysz9KfQDD41fQrC2Y4vKQdiaUpFT4bXlb1RHhLpp8wtm6M5TgSw==",
      "devOptional": true,
      "license": "Apache-2.0",
      "bin": {
        "tsc": "bin/tsc",
        "tsserver": "bin/tsserver"
      },
      "engines": {
        "node": ">=14.17"
      }
    },
    "node_modules/undici-types": {
      "version": "6.21.0",
      "resolved": "https://registry.npmjs.org/undici-types/-/undici-types-6.21.0.tgz",
      "integrity": "sha512-iwDZqg0QAGrg9Rav5H4n0M64c3mkR59cJ6wQp+7C4nI0gsmExaedaYLNO44eT4AtBBwjbTiGPMlt2Md0T9H9JQ==",
      "dev": true,
      "license": "MIT"
    },
    "packages/adapters": {
      "name": "@primecontext/adapters",
      "version": "0.1.0",
      "dependencies": {
        "@primecontext/core": "0.1.0"
      },
      "engines": {
        "node": ">=22.13"
      },
      "optionalDependencies": {
        "typescript": "^5.8.3"
      }
    },
    "packages/benchmark": {
      "name": "@primecontext/benchmark",
      "version": "0.1.0",
      "dependencies": {
        "@primecontext/core": "0.1.0"
      },
      "engines": {
        "node": ">=22.13"
      }
    },
    "packages/cli": {
      "name": "@primecontext/cli",
      "version": "0.1.0",
      "dependencies": {
        "@primecontext/adapters": "0.1.0",
        "@primecontext/benchmark": "0.1.0",
        "@primecontext/core": "0.1.0",
        "@primecontext/repo-map": "0.1.0",
        "@primecontext/schemas": "0.1.0"
      },
      "bin": {
        "primecontext": "dist/bin.js"
      },
      "engines": {
        "node": ">=22.13"
      }
    },
    "packages/core": {
      "name": "@primecontext/core",
      "version": "0.1.0",
      "dependencies": {
        "@primecontext/schemas": "0.1.0"
      },
      "engines": {
        "node": ">=22.13"
      }
    },
    "packages/repo-map": {
      "name": "@primecontext/repo-map",
      "version": "0.1.0",
      "dependencies": {
        "@primecontext/core": "0.1.0",
        "@primecontext/schemas": "0.1.0"
      },
      "devDependencies": {
        "@primecontext/adapters": "0.1.0"
      },
      "engines": {
        "node": ">=22.13"
      }
    },
    "packages/schemas": {
      "name": "@primecontext/schemas",
      "version": "0.1.0",
      "engines": {
        "node": ">=22.13"
      }
    }
  }
}
